
Microsoft Visual Studio Solution File, Format Version 12.00
# Visual Studio 15
VisualStudioVersion = 15.0.28307.1684
MinimumVisualStudioVersion = 10.0.40219.1
Project("{FAE04EC0-301F-11D3-BF4B-00C04F79EFBC}") = "slide_generator", "slide_generator\slide_generator.csproj", "{B0E74A81-E5E3-4DD5-9D08-5BBF8435E62F}"
EndProject
Global
	GlobalSection(SolutionConfigurationPlatforms) = preSolution
		Debug|Any CPU = Debug|Any CPU
		Release|Any CPU = Release|Any CPU
	EndGlobalSection
	GlobalSection(ProjectConfigurationPlatforms) = postSolution
		{B0E74A81-E5E3-4DD5-9D08-5BBF8435E62F}.Debug|Any CPU.ActiveCfg = Debug|Any CPU
		{B0E74A81-E5E3-4DD5-9D08-5BBF8435E62F}.Debug|Any CPU.Build.0 = Debug|Any CPU
		{B0E74A81-E5E3-4DD5-9D08-5BBF8435E62F}.Release|Any CPU.ActiveCfg = Release|Any CPU
		{B0E74A81-E5E3-4DD5-9D08-5BBF8435E62F}.Release|Any CPU.Build.0 = Release|Any CPU
	EndGlobalSection
	GlobalSection(SolutionProperties) = preSolution
		HideSolutionNode = FALSE
	EndGlobalSection
	GlobalSection(ExtensibilityGlobals) = postSolution
		SolutionGuid = {2AABC968-AE76-425B-A29C-725060C71846}
	EndGlobalSection
EndGlobal
